# @generated - this file is auto-generated by `mise lock` https://mise.en.dev/dev-tools/mise-lock.html

[[tools."cargo:shellharden"]]
version = "4.3.2"
backend = "cargo:shellharden"

[[tools."cargo:stylua"]]
version = "2.5.2"
backend = "cargo:stylua"

[[tools."gem:ruby-lsp"]]
version = "0.27.0.beta4"
backend = "gem:ruby-lsp"

[[tools."github:AJenbo/phpantom_lsp"]]
version = "0.8.0"
backend = "github:AJenbo/phpantom_lsp"

[tools."github:AJenbo/phpantom_lsp"."platforms.linux-arm64"]
checksum = "sha256:e87fc96430f1bcc4966f953033a73a4e2ea53b2dbb7dc3e5f71cc8ced9022a57"
url = "https://github.com/PHPantom-dev/phpantom_lsp/releases/download/0.8.0/phpantom_lsp-aarch64-unknown-linux-gnu.tar.gz"
url_api = "https://api.github.com/repos/PHPantom-dev/phpantom_lsp/releases/assets/420432711"

[tools."github:AJenbo/phpantom_lsp"."platforms.linux-arm64-musl"]
checksum = "sha256:e87fc96430f1bcc4966f953033a73a4e2ea53b2dbb7dc3e5f71cc8ced9022a57"
url = "https://github.com/PHPantom-dev/phpantom_lsp/releases/download/0.8.0/phpantom_lsp-aarch64-unknown-linux-gnu.tar.gz"
url_api = "https://api.github.com/repos/PHPantom-dev/phpantom_lsp/releases/assets/420432711"

[tools."github:AJenbo/phpantom_lsp"."platforms.linux-x64"]
checksum = "sha256:39615b495e624bbafe8787c3be61acabc123ec5ac23e9b30e00ab7660f50e020"
url = "https://github.com/PHPantom-dev/phpantom_lsp/releases/download/0.8.0/phpantom_lsp-x86_64-unknown-linux-gnu.tar.gz"
url_api = "https://api.github.com/repos/PHPantom-dev/phpantom_lsp/releases/assets/420432980"

[tools."github:AJenbo/phpantom_lsp"."platforms.linux-x64-musl"]
checksum = "sha256:39615b495e624bbafe8787c3be61acabc123ec5ac23e9b30e00ab7660f50e020"
url = "https://github.com/PHPantom-dev/phpantom_lsp/releases/download/0.8.0/phpantom_lsp-x86_64-unknown-linux-gnu.tar.gz"
url_api = "https://api.github.com/repos/PHPantom-dev/phpantom_lsp/releases/assets/420432980"

[tools."github:AJenbo/phpantom_lsp"."platforms.macos-arm64"]
checksum = "sha256:2cdfd103b5df98d20712eaeea9bd00d2b459e2a588296f1ab8e558fe25fde456"
url = "https://github.com/PHPantom-dev/phpantom_lsp/releases/download/0.8.0/phpantom_lsp-aarch64-apple-darwin.tar.gz"
url_api = "https://api.github.com/repos/PHPantom-dev/phpantom_lsp/releases/assets/420431959"

[tools."github:AJenbo/phpantom_lsp"."platforms.macos-x64"]
checksum = "sha256:e09eef93342cd38c9f9cc6c58064d81b005d06ec6d054e7cdeeec7698dc6c5da"
url = "https://github.com/PHPantom-dev/phpantom_lsp/releases/download/0.8.0/phpantom_lsp-x86_64-apple-darwin.tar.gz"
url_api = "https://api.github.com/repos/PHPantom-dev/phpantom_lsp/releases/assets/420431528"

[tools."github:AJenbo/phpantom_lsp"."platforms.windows-x64"]
checksum = "sha256:17e23af816fc7ec695fe716f6209df6b0eafcec2fdafb5d9d72e2b352d5ddf83"
url = "https://github.com/PHPantom-dev/phpantom_lsp/releases/download/0.8.0/phpantom_lsp-x86_64-pc-windows-msvc.zip"
url_api = "https://api.github.com/repos/PHPantom-dev/phpantom_lsp/releases/assets/420432505"

[[tools."github:LuaLS/lua-language-server"]]
version = "3.19.1"
backend = "github:LuaLS/lua-language-server"

[tools."github:LuaLS/lua-language-server"."platforms.linux-arm64"]
checksum = "sha256:abd2572e8fc929dc838a81ffb8473c5bce0bf39bfe8edb4b120b3b623176ce83"
url = "https://github.com/LuaLS/lua-language-server/releases/download/3.19.1/lua-language-server-3.19.1-linux-arm64.tar.gz"
url_api = "https://api.github.com/repos/LuaLS/lua-language-server/releases/assets/513570945"

[tools."github:LuaLS/lua-language-server"."platforms.linux-arm64-musl"]
checksum = "sha256:abd2572e8fc929dc838a81ffb8473c5bce0bf39bfe8edb4b120b3b623176ce83"
url = "https://github.com/LuaLS/lua-language-server/releases/download/3.19.1/lua-language-server-3.19.1-linux-arm64.tar.gz"
url_api = "https://api.github.com/repos/LuaLS/lua-language-server/releases/assets/513570945"

[tools."github:LuaLS/lua-language-server"."platforms.linux-x64"]
checksum = "sha256:e9235d2d72ef55bc41cf8c99cda2ed64777682024b4bb81f5dea425060c5cbb8"
url = "https://github.com/LuaLS/lua-language-server/releases/download/3.19.1/lua-language-server-3.19.1-linux-x64.tar.gz"
url_api = "https://api.github.com/repos/LuaLS/lua-language-server/releases/assets/513572259"

[tools."github:LuaLS/lua-language-server"."platforms.linux-x64-musl"]
checksum = "sha256:e9235d2d72ef55bc41cf8c99cda2ed64777682024b4bb81f5dea425060c5cbb8"
url = "https://github.com/LuaLS/lua-language-server/releases/download/3.19.1/lua-language-server-3.19.1-linux-x64.tar.gz"
url_api = "https://api.github.com/repos/LuaLS/lua-language-server/releases/assets/513572259"

[tools."github:LuaLS/lua-language-server"."platforms.macos-arm64"]
checksum = "sha256:0bc077f4447f076b4c92c14e9fd303f5b569eda2ec74b4dca2b55f75fae2e90c"
url = "https://github.com/LuaLS/lua-language-server/releases/download/3.19.1/lua-language-server-3.19.1-darwin-arm64.tar.gz"
url_api = "https://api.github.com/repos/LuaLS/lua-language-server/releases/assets/513570627"

[tools."github:LuaLS/lua-language-server"."platforms.macos-x64"]
checksum = "sha256:eb373c159cbe556711d7cd316315de2dce969bfd54b31edb7eb9cab2937f2cca"
url = "https://github.com/LuaLS/lua-language-server/releases/download/3.19.1/lua-language-server-3.19.1-darwin-x64.tar.gz"
url_api = "https://api.github.com/repos/LuaLS/lua-language-server/releases/assets/513569911"

[tools."github:LuaLS/lua-language-server"."platforms.windows-x64"]
checksum = "sha256:fdb9a59108cf62517813c97fa5549b0e16d1ef0688306bac728b08434db7e4cd"
url = "https://github.com/LuaLS/lua-language-server/releases/download/3.19.1/lua-language-server-3.19.1-win32-x64.zip"
url_api = "https://api.github.com/repos/LuaLS/lua-language-server/releases/assets/513572668"

[[tools."github:checkmake/checkmake"]]
version = "0.3.2"
backend = "github:checkmake/checkmake"

[tools."github:checkmake/checkmake"."platforms.linux-arm64"]
checksum = "sha256:409167c4abb99407bd232c3bbd351b8a39df57997feafde5a08bddffb0f2dcb4"
url = "https://github.com/checkmake/checkmake/releases/download/v0.3.2/checkmake-v0.3.2.linux.arm64"
url_api = "https://api.github.com/repos/checkmake/checkmake/releases/assets/338779065"

[tools."github:checkmake/checkmake"."platforms.linux-arm64-musl"]
checksum = "sha256:409167c4abb99407bd232c3bbd351b8a39df57997feafde5a08bddffb0f2dcb4"
url = "https://github.com/checkmake/checkmake/releases/download/v0.3.2/checkmake-v0.3.2.linux.arm64"
url_api = "https://api.github.com/repos/checkmake/checkmake/releases/assets/338779065"

[tools."github:checkmake/checkmake"."platforms.linux-x64"]
checksum = "sha256:e2effb876913f3ee2caef0ba35f6202c5e8a3cd55a077d8d2b9ce2034257b6af"
url = "https://github.com/checkmake/checkmake/releases/download/v0.3.2/checkmake-v0.3.2.linux.amd64"
url_api = "https://api.github.com/repos/checkmake/checkmake/releases/assets/338779060"

[tools."github:checkmake/checkmake"."platforms.linux-x64-musl"]
checksum = "sha256:e2effb876913f3ee2caef0ba35f6202c5e8a3cd55a077d8d2b9ce2034257b6af"
url = "https://github.com/checkmake/checkmake/releases/download/v0.3.2/checkmake-v0.3.2.linux.amd64"
url_api = "https://api.github.com/repos/checkmake/checkmake/releases/assets/338779060"

[tools."github:checkmake/checkmake"."platforms.macos-arm64"]
checksum = "sha256:d5dab7169d1cb246b380ed5e7fc1e6aded301d453db258f858e774422d25961f"
url = "https://github.com/checkmake/checkmake/releases/download/v0.3.2/checkmake-v0.3.2.darwin.arm64"
url_api = "https://api.github.com/repos/checkmake/checkmake/releases/assets/338779063"

[tools."github:checkmake/checkmake"."platforms.macos-x64"]
checksum = "sha256:82942043a4766b9fb3ffe6c77584df7d6c832bfa00571f234d257799f492fdd7"
url = "https://github.com/checkmake/checkmake/releases/download/v0.3.2/checkmake-v0.3.2.darwin.amd64"
url_api = "https://api.github.com/repos/checkmake/checkmake/releases/assets/338779062"

[tools."github:checkmake/checkmake"."platforms.windows-x64"]
checksum = "sha256:6adf4bde2dbfe8001ecf2918abfe02f7a57191568f1d185537eccd9c59625dca"
url = "https://github.com/checkmake/checkmake/releases/download/v0.3.2/checkmake-v0.3.2.windows.amd64.exe"
url_api = "https://api.github.com/repos/checkmake/checkmake/releases/assets/338779103"

[[tools."github:composer/composer"]]
version = "2.10.2"
backend = "github:composer/composer"

[tools."github:composer/composer".options]
asset_pattern = "composer.phar"

[tools."github:composer/composer"."platforms.linux-arm64"]
checksum = "sha256:5ee7125f8a30a34d246cefdc0bc85b8a783b28f2aec968994118512350d28027"
url = "https://github.com/composer/composer/releases/download/2.10.2/composer.phar"
url_api = "https://api.github.com/repos/composer/composer/releases/assets/463051343"
provenance = "github-attestations"

[tools."github:composer/composer"."platforms.linux-arm64-musl"]
checksum = "sha256:5ee7125f8a30a34d246cefdc0bc85b8a783b28f2aec968994118512350d28027"
url = "https://github.com/composer/composer/releases/download/2.10.2/composer.phar"
url_api = "https://api.github.com/repos/composer/composer/releases/assets/463051343"
provenance = "github-attestations"

[tools."github:composer/composer"."platforms.linux-x64"]
checksum = "sha256:5ee7125f8a30a34d246cefdc0bc85b8a783b28f2aec968994118512350d28027"
url = "https://github.com/composer/composer/releases/download/2.10.2/composer.phar"
url_api = "https://api.github.com/repos/composer/composer/releases/assets/463051343"
provenance = "github-attestations"

[tools."github:composer/composer"."platforms.linux-x64-musl"]
checksum = "sha256:5ee7125f8a30a34d246cefdc0bc85b8a783b28f2aec968994118512350d28027"
url = "https://github.com/composer/composer/releases/download/2.10.2/composer.phar"
url_api = "https://api.github.com/repos/composer/composer/releases/assets/463051343"
provenance = "github-attestations"

[tools."github:composer/composer"."platforms.macos-arm64"]
checksum = "sha256:5ee7125f8a30a34d246cefdc0bc85b8a783b28f2aec968994118512350d28027"
url = "https://github.com/composer/composer/releases/download/2.10.2/composer.phar"
url_api = "https://api.github.com/repos/composer/composer/releases/assets/463051343"
provenance = "github-attestations"

[tools."github:composer/composer"."platforms.macos-x64"]
checksum = "sha256:5ee7125f8a30a34d246cefdc0bc85b8a783b28f2aec968994118512350d28027"
url = "https://github.com/composer/composer/releases/download/2.10.2/composer.phar"
url_api = "https://api.github.com/repos/composer/composer/releases/assets/463051343"
provenance = "github-attestations"

[tools."github:composer/composer"."platforms.windows-x64"]
checksum = "sha256:5ee7125f8a30a34d246cefdc0bc85b8a783b28f2aec968994118512350d28027"
url = "https://github.com/composer/composer/releases/download/2.10.2/composer.phar"
url_api = "https://api.github.com/repos/composer/composer/releases/assets/463051343"
provenance = "github-attestations"

[[tools."github:cross-ts/rss-reader"]]
version = "0.4.18"
backend = "github:cross-ts/rss-reader"

[tools."github:cross-ts/rss-reader"."platforms.linux-x64"]
checksum = "sha256:0118bf90b0b7999b7a74264a9f345d67caa2ac4df0d9bae7da2dcd0a924201f7"
url = "https://github.com/cross-ts/rss-reader/releases/download/v0.4.18/rss-reader-v0.4.18-linux-amd64.tar.gz"
url_api = "https://api.github.com/repos/cross-ts/rss-reader/releases/assets/466137348"
provenance = "github-attestations"

[tools."github:cross-ts/rss-reader"."platforms.linux-x64-musl"]
checksum = "sha256:0118bf90b0b7999b7a74264a9f345d67caa2ac4df0d9bae7da2dcd0a924201f7"
url = "https://github.com/cross-ts/rss-reader/releases/download/v0.4.18/rss-reader-v0.4.18-linux-amd64.tar.gz"
url_api = "https://api.github.com/repos/cross-ts/rss-reader/releases/assets/466137348"
provenance = "github-attestations"

[tools."github:cross-ts/rss-reader"."platforms.macos-arm64"]
checksum = "sha256:f7f0616225ec52cb5799847eb8d7a0aaebcbf4ea2abf2ece2ac6573d2720964e"
url = "https://github.com/cross-ts/rss-reader/releases/download/v0.4.18/rss-reader-v0.4.18-darwin-arm64.tar.gz"
url_api = "https://api.github.com/repos/cross-ts/rss-reader/releases/assets/466137346"
provenance = "github-attestations"

[[tools."github:hadolint/hadolint"]]
version = "2.15.1"
backend = "github:hadolint/hadolint"

[tools."github:hadolint/hadolint"."platforms.linux-arm64"]
checksum = "sha256:f6198ef8090f404dbb771abfee086eb8c48ac177f30da7fd3510aca35b344b5d"
url = "https://github.com/hadolint/hadolint/releases/download/v2.15.1/hadolint-linux-arm64"
url_api = "https://api.github.com/repos/hadolint/hadolint/releases/assets/496546507"
provenance = "github-attestations"

[tools."github:hadolint/hadolint"."platforms.linux-arm64-musl"]
checksum = "sha256:f6198ef8090f404dbb771abfee086eb8c48ac177f30da7fd3510aca35b344b5d"
url = "https://github.com/hadolint/hadolint/releases/download/v2.15.1/hadolint-linux-arm64"
url_api = "https://api.github.com/repos/hadolint/hadolint/releases/assets/496546507"
provenance = "github-attestations"

[tools."github:hadolint/hadolint"."platforms.linux-x64"]
checksum = "sha256:c7187db94eeeeca956519a6af171adc31453941a1e777961f6e680f697c8c507"
url = "https://github.com/hadolint/hadolint/releases/download/v2.15.1/hadolint-linux-x86_64"
url_api = "https://api.github.com/repos/hadolint/hadolint/releases/assets/496546506"
provenance = "github-attestations"

[tools."github:hadolint/hadolint"."platforms.linux-x64-musl"]
checksum = "sha256:c7187db94eeeeca956519a6af171adc31453941a1e777961f6e680f697c8c507"
url = "https://github.com/hadolint/hadolint/releases/download/v2.15.1/hadolint-linux-x86_64"
url_api = "https://api.github.com/repos/hadolint/hadolint/releases/assets/496546506"
provenance = "github-attestations"

[tools."github:hadolint/hadolint"."platforms.macos-arm64"]
checksum = "sha256:5c09f3213f8e40406abe048233d985eebef336d4a6a20021be47fadb6cf480a2"
url = "https://github.com/hadolint/hadolint/releases/download/v2.15.1/hadolint-macos-arm64"
url_api = "https://api.github.com/repos/hadolint/hadolint/releases/assets/496546505"
provenance = "github-attestations"

[tools."github:hadolint/hadolint"."platforms.macos-x64"]
checksum = "sha256:ffe9bb18b23d5ed1eae50237aecdbb523d016e96da0bd4e7aa432040acfc3fde"
url = "https://github.com/hadolint/hadolint/releases/download/v2.15.1/hadolint-macos-x86_64"
url_api = "https://api.github.com/repos/hadolint/hadolint/releases/assets/496546509"
provenance = "github-attestations"

[tools."github:hadolint/hadolint"."platforms.windows-x64"]
checksum = "sha256:01d927294962b5387f9ead4f18679158452be4f17c765ad0bdffe5264b9c7b0a"
url = "https://github.com/hadolint/hadolint/releases/download/v2.15.1/hadolint-windows-x86_64.exe"
url_api = "https://api.github.com/repos/hadolint/hadolint/releases/assets/496546508"
provenance = "github-attestations"

[[tools."github:php/pie"]]
version = "1.4.9"
backend = "github:php/pie"

[tools."github:php/pie".options]
asset_pattern = "pie.phar"

[tools."github:php/pie"."platforms.linux-arm64"]
checksum = "sha256:19a31ddd4bfd08b9eb5eaad2e5f63e76e7919cae7683852da41c80da704ad6c0"
url = "https://github.com/php/pie/releases/download/1.4.9/pie.phar"
url_api = "https://api.github.com/repos/php/pie/releases/assets/483821541"
provenance = "github-attestations"

[tools."github:php/pie"."platforms.linux-arm64-musl"]
checksum = "sha256:19a31ddd4bfd08b9eb5eaad2e5f63e76e7919cae7683852da41c80da704ad6c0"
url = "https://github.com/php/pie/releases/download/1.4.9/pie.phar"
url_api = "https://api.github.com/repos/php/pie/releases/assets/483821541"
provenance = "github-attestations"

[tools."github:php/pie"."platforms.linux-x64"]
checksum = "sha256:19a31ddd4bfd08b9eb5eaad2e5f63e76e7919cae7683852da41c80da704ad6c0"
url = "https://github.com/php/pie/releases/download/1.4.9/pie.phar"
url_api = "https://api.github.com/repos/php/pie/releases/assets/483821541"
provenance = "github-attestations"

[tools."github:php/pie"."platforms.linux-x64-musl"]
checksum = "sha256:19a31ddd4bfd08b9eb5eaad2e5f63e76e7919cae7683852da41c80da704ad6c0"
url = "https://github.com/php/pie/releases/download/1.4.9/pie.phar"
url_api = "https://api.github.com/repos/php/pie/releases/assets/483821541"
provenance = "github-attestations"

[tools."github:php/pie"."platforms.macos-arm64"]
checksum = "sha256:19a31ddd4bfd08b9eb5eaad2e5f63e76e7919cae7683852da41c80da704ad6c0"
url = "https://github.com/php/pie/releases/download/1.4.9/pie.phar"
url_api = "https://api.github.com/repos/php/pie/releases/assets/483821541"
provenance = "github-attestations"

[tools."github:php/pie"."platforms.macos-x64"]
checksum = "sha256:19a31ddd4bfd08b9eb5eaad2e5f63e76e7919cae7683852da41c80da704ad6c0"
url = "https://github.com/php/pie/releases/download/1.4.9/pie.phar"
url_api = "https://api.github.com/repos/php/pie/releases/assets/483821541"
provenance = "github-attestations"

[tools."github:php/pie"."platforms.windows-x64"]
checksum = "sha256:19a31ddd4bfd08b9eb5eaad2e5f63e76e7919cae7683852da41c80da704ad6c0"
url = "https://github.com/php/pie/releases/download/1.4.9/pie.phar"
url_api = "https://api.github.com/repos/php/pie/releases/assets/483821541"
provenance = "github-attestations"

[[tools."github:phpstan/phpstan"]]
version = "2.2.8"
backend = "github:phpstan/phpstan"

[tools."github:phpstan/phpstan".options]
asset_pattern = "phpstan.phar"

[tools."github:phpstan/phpstan"."platforms.linux-arm64"]
checksum = "sha256:ab9ea72523fe453b9f4dd19f12b1e403a91efa894cd25d9b0cb3ef62b7d20bf2"
url = "https://github.com/phpstan/phpstan/releases/download/2.2.8/phpstan.phar"
url_api = "https://api.github.com/repos/phpstan/phpstan/releases/assets/501884066"
provenance = "github-attestations"

[tools."github:phpstan/phpstan"."platforms.linux-arm64-musl"]
checksum = "sha256:ab9ea72523fe453b9f4dd19f12b1e403a91efa894cd25d9b0cb3ef62b7d20bf2"
url = "https://github.com/phpstan/phpstan/releases/download/2.2.8/phpstan.phar"
url_api = "https://api.github.com/repos/phpstan/phpstan/releases/assets/501884066"
provenance = "github-attestations"

[tools."github:phpstan/phpstan"."platforms.linux-x64"]
checksum = "sha256:ab9ea72523fe453b9f4dd19f12b1e403a91efa894cd25d9b0cb3ef62b7d20bf2"
url = "https://github.com/phpstan/phpstan/releases/download/2.2.8/phpstan.phar"
url_api = "https://api.github.com/repos/phpstan/phpstan/releases/assets/501884066"
provenance = "github-attestations"

[tools."github:phpstan/phpstan"."platforms.linux-x64-musl"]
checksum = "sha256:ab9ea72523fe453b9f4dd19f12b1e403a91efa894cd25d9b0cb3ef62b7d20bf2"
url = "https://github.com/phpstan/phpstan/releases/download/2.2.8/phpstan.phar"
url_api = "https://api.github.com/repos/phpstan/phpstan/releases/assets/501884066"
provenance = "github-attestations"

[tools."github:phpstan/phpstan"."platforms.macos-arm64"]
checksum = "sha256:ab9ea72523fe453b9f4dd19f12b1e403a91efa894cd25d9b0cb3ef62b7d20bf2"
url = "https://github.com/phpstan/phpstan/releases/download/2.2.8/phpstan.phar"
url_api = "https://api.github.com/repos/phpstan/phpstan/releases/assets/501884066"
provenance = "github-attestations"
provenance_verified = true

[tools."github:phpstan/phpstan"."platforms.macos-x64"]
checksum = "sha256:ab9ea72523fe453b9f4dd19f12b1e403a91efa894cd25d9b0cb3ef62b7d20bf2"
url = "https://github.com/phpstan/phpstan/releases/download/2.2.8/phpstan.phar"
url_api = "https://api.github.com/repos/phpstan/phpstan/releases/assets/501884066"
provenance = "github-attestations"

[tools."github:phpstan/phpstan"."platforms.windows-x64"]
checksum = "sha256:ab9ea72523fe453b9f4dd19f12b1e403a91efa894cd25d9b0cb3ef62b7d20bf2"
url = "https://github.com/phpstan/phpstan/releases/download/2.2.8/phpstan.phar"
url_api = "https://api.github.com/repos/phpstan/phpstan/releases/assets/501884066"
provenance = "github-attestations"

[[tools."github:squizlabs/PHP_CodeSniffer"]]
version = "3.7.2"
backend = "github:squizlabs/PHP_CodeSniffer"

[tools."github:squizlabs/PHP_CodeSniffer".options]
asset_pattern = "phpcs.phar"

[tools."github:squizlabs/PHP_CodeSniffer"."platforms.linux-arm64"]
url = "https://github.com/squizlabs/PHP_CodeSniffer/releases/download/3.7.2/phpcs.phar"
url_api = "https://api.github.com/repos/squizlabs/PHP_CodeSniffer/releases/assets/96724817"

[tools."github:squizlabs/PHP_CodeSniffer"."platforms.linux-arm64-musl"]
url = "https://github.com/squizlabs/PHP_CodeSniffer/releases/download/3.7.2/phpcs.phar"
url_api = "https://api.github.com/repos/squizlabs/PHP_CodeSniffer/releases/assets/96724817"

[tools."github:squizlabs/PHP_CodeSniffer"."platforms.linux-x64"]
url = "https://github.com/squizlabs/PHP_CodeSniffer/releases/download/3.7.2/phpcs.phar"
url_api = "https://api.github.com/repos/squizlabs/PHP_CodeSniffer/releases/assets/96724817"

[tools."github:squizlabs/PHP_CodeSniffer"."platforms.linux-x64-musl"]
url = "https://github.com/squizlabs/PHP_CodeSniffer/releases/download/3.7.2/phpcs.phar"
url_api = "https://api.github.com/repos/squizlabs/PHP_CodeSniffer/releases/assets/96724817"

[tools."github:squizlabs/PHP_CodeSniffer"."platforms.macos-arm64"]
url = "https://github.com/squizlabs/PHP_CodeSniffer/releases/download/3.7.2/phpcs.phar"
url_api = "https://api.github.com/repos/squizlabs/PHP_CodeSniffer/releases/assets/96724817"

[tools."github:squizlabs/PHP_CodeSniffer"."platforms.macos-x64"]
url = "https://github.com/squizlabs/PHP_CodeSniffer/releases/download/3.7.2/phpcs.phar"
url_api = "https://api.github.com/repos/squizlabs/PHP_CodeSniffer/releases/assets/96724817"

[tools."github:squizlabs/PHP_CodeSniffer"."platforms.windows-x64"]
url = "https://github.com/squizlabs/PHP_CodeSniffer/releases/download/3.7.2/phpcs.phar"
url_api = "https://api.github.com/repos/squizlabs/PHP_CodeSniffer/releases/assets/96724817"

[[tools.go]]
version = "1.26.6"
backend = "core:go"

[tools.go."platforms.linux-arm64"]
checksum = "sha256:d0507e9e9d7fe012aae570108cbd76c15de879e17130ab8cb90d4d7445cb1f2e"
url = "https://dl.google.com/go/go1.26.6.linux-arm64.tar.gz"

[tools.go."platforms.linux-arm64-musl"]
checksum = "sha256:d0507e9e9d7fe012aae570108cbd76c15de879e17130ab8cb90d4d7445cb1f2e"
url = "https://dl.google.com/go/go1.26.6.linux-arm64.tar.gz"

[tools.go."platforms.linux-x64"]
checksum = "sha256:708effb774be8237570d0add163225abbdfaf4fca28b2611df167beba4feef89"
url = "https://dl.google.com/go/go1.26.6.linux-amd64.tar.gz"

[tools.go."platforms.linux-x64-musl"]
checksum = "sha256:708effb774be8237570d0add163225abbdfaf4fca28b2611df167beba4feef89"
url = "https://dl.google.com/go/go1.26.6.linux-amd64.tar.gz"

[tools.go."platforms.macos-arm64"]
checksum = "sha256:2dc95ce4675829f2df0e86b28bcef3283635902062a5f0580ca659bf570f3204"
url = "https://dl.google.com/go/go1.26.6.darwin-arm64.tar.gz"

[tools.go."platforms.macos-x64"]
checksum = "sha256:08b65a63f244115121ced6c3b55ad38d801a7442acad5c949a17aad84ae6d684"
url = "https://dl.google.com/go/go1.26.6.darwin-amd64.tar.gz"

[tools.go."platforms.windows-x64"]
checksum = "sha256:5b6c5b556525810463b5c897b50dc7a82d6a3dc0bfaf55d990a7e9f31d6b2318"
url = "https://dl.google.com/go/go1.26.6.windows-amd64.zip"

[[tools."go:github.com/docker/docker-language-server/cmd/docker-language-server"]]
version = "0.20.1"
backend = "go:github.com/docker/docker-language-server/cmd/docker-language-server"

[[tools."go:github.com/rhysd/actionlint/cmd/actionlint"]]
version = "1.7.12"
backend = "go:github.com/rhysd/actionlint/cmd/actionlint"

[[tools."go:golang.org/x/tools/gopls"]]
version = "0.23.0"
backend = "go:golang.org/x/tools/gopls"

[[tools."http:terraform-ls"]]
version = "0.38.3"
backend = "http:terraform-ls"

[tools."http:terraform-ls"."platforms.linux-arm64"]
url = "https://releases.hashicorp.com/terraform-ls/0.38.3/terraform-ls_0.38.3_darwin_arm64.zip"

[tools."http:terraform-ls"."platforms.linux-arm64-musl"]
url = "https://releases.hashicorp.com/terraform-ls/0.38.3/terraform-ls_0.38.3_darwin_arm64.zip"

[tools."http:terraform-ls"."platforms.linux-x64"]
url = "https://releases.hashicorp.com/terraform-ls/0.38.3/terraform-ls_0.38.3_darwin_arm64.zip"

[tools."http:terraform-ls"."platforms.linux-x64-musl"]
url = "https://releases.hashicorp.com/terraform-ls/0.38.3/terraform-ls_0.38.3_darwin_arm64.zip"

[tools."http:terraform-ls"."platforms.macos-arm64"]
url = "https://releases.hashicorp.com/terraform-ls/0.38.3/terraform-ls_0.38.3_darwin_arm64.zip"

[tools."http:terraform-ls"."platforms.macos-x64"]
url = "https://releases.hashicorp.com/terraform-ls/0.38.3/terraform-ls_0.38.3_darwin_arm64.zip"

[tools."http:terraform-ls"."platforms.windows-x64"]
url = "https://releases.hashicorp.com/terraform-ls/0.38.3/terraform-ls_0.38.3_darwin_arm64.zip"

[[tools.lua]]
version = "5.4.8"
backend = "asdf:lua"

[[tools.node]]
version = "26.7.0"
backend = "core:node"

[tools.node."platforms.linux-arm64"]
checksum = "sha256:925aa6157dd37542d0d7f2e28b7bf61e7b39284411210b0498bc3788db4aef68"
url = "https://nodejs.org/dist/v26.7.0/node-v26.7.0-linux-arm64.tar.gz"

[tools.node."platforms.linux-arm64-musl"]
checksum = "sha256:1f16cc0f6febcb1bed1d4550306806dbcfbaf5c1bc2f44f3c5c8b5d22a4cc27a"
url = "https://unofficial-builds.nodejs.org/download/release/v26.7.0/node-v26.7.0-linux-arm64-musl.tar.gz"

[tools.node."platforms.linux-x64"]
checksum = "sha256:bd6b6c31e377bad9ad579bed72e5bc11f4c879ac9452ad51d30e646ea3d828df"
url = "https://nodejs.org/dist/v26.7.0/node-v26.7.0-linux-x64.tar.gz"

[tools.node."platforms.linux-x64-musl"]
checksum = "sha256:5dc0180e7684ede6fc9d9e6333da45686f4b5a7820729d33c68335b283337295"
url = "https://unofficial-builds.nodejs.org/download/release/v26.7.0/node-v26.7.0-linux-x64-musl.tar.gz"

[tools.node."platforms.macos-arm64"]
checksum = "sha256:7ee659a7768e641bbfd5360940660b8e8fd0052f77488f365562bac522fc15d4"
url = "https://nodejs.org/dist/v26.7.0/node-v26.7.0-darwin-arm64.tar.gz"

[tools.node."platforms.macos-x64"]
checksum = "sha256:f279d1ed28ce57f7788bf23435d2ad7fdd7438904ad5c4d8a1081a7cde3d4b96"
url = "https://nodejs.org/dist/v26.7.0/node-v26.7.0-darwin-x64.tar.gz"

[tools.node."platforms.windows-x64"]
checksum = "sha256:d3bd72755141ed32bbcd841228ee81897c8a98d50dfa7dae2179399a0a7c90f8"
url = "https://nodejs.org/dist/v26.7.0/node-v26.7.0-win-x64.zip"

[[tools."npm:@actions/languageserver"]]
version = "0.3.61"
backend = "npm:@actions/languageserver"

[[tools."npm:@ansible/ansible-language-server"]]
version = "26.6.0"
backend = "npm:@ansible/ansible-language-server"

[[tools."npm:@github/copilot-language-server"]]
version = "1.532.2"
backend = "npm:@github/copilot-language-server"

[[tools."npm:@playwright/cli"]]
version = "0.1.18"
backend = "npm:@playwright/cli"

[[tools."npm:@quobix/vacuum"]]
version = "0.30.0"
backend = "npm:@quobix/vacuum"

[[tools."npm:aws-cdk"]]
version = "3.0.0"
backend = "npm:aws-cdk"

[[tools."npm:bash-language-server"]]
version = "5.6.0"
backend = "npm:bash-language-server"

[[tools."npm:ccusage"]]
version = "20.0.20"
backend = "npm:ccusage"

[[tools."npm:difit"]]
version = "5.0.11"
backend = "npm:difit"

[[tools."npm:intelephense"]]
version = "1.18.5"
backend = "npm:intelephense"

[[tools."npm:markdownlint-cli2"]]
version = "0.23.2"
backend = "npm:markdownlint-cli2"

[[tools."npm:npm-check-updates"]]
version = "23.0.2"
backend = "npm:npm-check-updates"

[[tools."npm:tombi"]]
version = "1.4.1"
backend = "npm:tombi"

[[tools."npm:typescript-language-server"]]
version = "5.3.0"
backend = "npm:typescript-language-server"

[[tools."npm:vscode-langservers-extracted"]]
version = "4.10.0"
backend = "npm:vscode-langservers-extracted"

[[tools."npm:yaml-language-server"]]
version = "1.24.1-48d6f57.0"
backend = "npm:yaml-language-server"

[[tools.perl]]
version = "5.44.0.0"
backend = "aqua:skaji/relocatable-perl"

[tools.perl."platforms.linux-arm64"]
checksum = "sha256:b1a3aa7be1ea0239a29e503b63a52a694371670d4dc535c716d9a16ea2aaa453"
url = "https://github.com/skaji/relocatable-perl/releases/download/5.44.0.0/perl-linux-arm64.tar.gz"
url_api = "https://api.github.com/repos/skaji/relocatable-perl/releases/assets/478554568"
provenance = "github-attestations"

[tools.perl."platforms.linux-arm64-musl"]
checksum = "sha256:b1a3aa7be1ea0239a29e503b63a52a694371670d4dc535c716d9a16ea2aaa453"
url = "https://github.com/skaji/relocatable-perl/releases/download/5.44.0.0/perl-linux-arm64.tar.gz"
url_api = "https://api.github.com/repos/skaji/relocatable-perl/releases/assets/478554568"
provenance = "github-attestations"

[tools.perl."platforms.linux-x64"]
checksum = "sha256:99fa984bab4eb536dae9630d5d47f3f5bd23a71c361d94dc6ef3a68a7186dcb0"
url = "https://github.com/skaji/relocatable-perl/releases/download/5.44.0.0/perl-linux-amd64.tar.gz"
url_api = "https://api.github.com/repos/skaji/relocatable-perl/releases/assets/478554569"
provenance = "github-attestations"

[tools.perl."platforms.linux-x64-musl"]
checksum = "sha256:99fa984bab4eb536dae9630d5d47f3f5bd23a71c361d94dc6ef3a68a7186dcb0"
url = "https://github.com/skaji/relocatable-perl/releases/download/5.44.0.0/perl-linux-amd64.tar.gz"
url_api = "https://api.github.com/repos/skaji/relocatable-perl/releases/assets/478554569"
provenance = "github-attestations"

[tools.perl."platforms.macos-arm64"]
checksum = "sha256:213733e18662720a3d25fd6e1adeddd05f56ce50b5e1f8bc6bd194e3f43e44d2"
url = "https://github.com/skaji/relocatable-perl/releases/download/5.44.0.0/perl-darwin-arm64.tar.gz"
url_api = "https://api.github.com/repos/skaji/relocatable-perl/releases/assets/478554580"
provenance = "github-attestations"

[tools.perl."platforms.macos-x64"]
checksum = "sha256:1898662f3526d87e666fc9000a6ce8ef6d8a81fcc072c998eafae8004389619b"
url = "https://github.com/skaji/relocatable-perl/releases/download/5.44.0.0/perl-darwin-amd64.tar.gz"
url_api = "https://api.github.com/repos/skaji/relocatable-perl/releases/assets/478554571"
provenance = "github-attestations"

[[tools.php]]
version = "8.6.0alpha1"
backend = "asdf:php"

[[tools."pipx:ansible-lint"]]
version = "26.8.0"
backend = "pipx:ansible-lint"

[[tools."pipx:isort"]]
version = "8.0.1"
backend = "pipx:isort"

[[tools."pipx:mypy"]]
version = "2.3.1"
backend = "pipx:mypy"

[[tools."pipx:nginx-language-server"]]
version = "0.9.0"
backend = "pipx:nginx-language-server"

[[tools."pipx:python-lsp-server"]]
version = "1.15.0"
backend = "pipx:python-lsp-server"

[[tools."pipx:yamllint"]]
version = "1.38.0"
backend = "pipx:yamllint"

[[tools.pnpm]]
version = "11.22.0"
backend = "aqua:pnpm/pnpm"

[tools.pnpm."platforms.linux-arm64"]
checksum = "sha256:f1426231f365bdfd46c15fa3d1211c3936ee2c4e557afd304f6c66dbf1b2a8bf"
url = "https://github.com/pnpm/pnpm/releases/download/v11.22.0/pnpm-linux-arm64.tar.gz"
url_api = "https://api.github.com/repos/pnpm/pnpm/releases/assets/515895951"
provenance = "github-attestations"

[tools.pnpm."platforms.linux-arm64-musl"]
checksum = "sha256:6e53557024be48e59ab8760f9117c0e5c0e0a37ab420f71f302d86216970d28f"
url = "https://github.com/pnpm/pnpm/releases/download/v11.22.0/pnpm-linux-arm64-musl.tar.gz"
url_api = "https://api.github.com/repos/pnpm/pnpm/releases/assets/515895950"
provenance = "github-attestations"

[tools.pnpm."platforms.linux-x64"]
checksum = "sha256:4c592fa410eb23b69691a9efb9bf21c87c15b3e9d88c6ec8acdd354a0eb8de71"
url = "https://github.com/pnpm/pnpm/releases/download/v11.22.0/pnpm-linux-x64.tar.gz"
url_api = "https://api.github.com/repos/pnpm/pnpm/releases/assets/515895948"
provenance = "github-attestations"

[tools.pnpm."platforms.linux-x64-musl"]
checksum = "sha256:45425b06e747cbcaff4940d7b4a55e694645f15f9339dbf7f2601cfb21400545"
url = "https://github.com/pnpm/pnpm/releases/download/v11.22.0/pnpm-linux-x64-musl.tar.gz"
url_api = "https://api.github.com/repos/pnpm/pnpm/releases/assets/515895945"
provenance = "github-attestations"

[tools.pnpm."platforms.macos-arm64"]
checksum = "sha256:2000dcc8f0718852c2806ba4dca1edaedf18a4a39264474d5a1c8fcee250adfd"
url = "https://github.com/pnpm/pnpm/releases/download/v11.22.0/pnpm-darwin-arm64.tar.gz"
url_api = "https://api.github.com/repos/pnpm/pnpm/releases/assets/515895947"
provenance = "github-attestations"

[tools.pnpm."platforms.windows-x64"]
checksum = "sha256:1de83ad5100acfd2adb5c8bc6f8a428cee9ff4e365deff57c22bfc0cccaa4ddb"
url = "https://github.com/pnpm/pnpm/releases/download/v11.22.0/pnpm-win32-x64.zip"
url_api = "https://api.github.com/repos/pnpm/pnpm/releases/assets/515895946"
provenance = "github-attestations"

[[tools.python]]
version = "3.14.7"
backend = "core:python"

[tools.python."platforms.linux-arm64"]
checksum = "sha256:86dfb106b303fa6a1991f7da42ced3e11576f777be299b3162e06617b6d22542"
url = "https://github.com/astral-sh/python-build-standalone/releases/download/20260814/cpython-3.14.7+20260814-aarch64-unknown-linux-gnu-install_only_stripped.tar.gz"
provenance = "github-attestations"

[tools.python."platforms.linux-arm64-musl"]
checksum = "sha256:1bdbb1d5267120b5ba8531332be695693ba49567d28c40dd670545b6a25b70a7"
url = "https://github.com/astral-sh/python-build-standalone/releases/download/20260814/cpython-3.14.7+20260814-aarch64-unknown-linux-musl-install_only_stripped.tar.gz"
provenance = "github-attestations"

[tools.python."platforms.linux-x64"]
checksum = "sha256:cefba034445d2875408d1fd4d5700ae6731563aeb54dcb39fd8164ab5c457533"
url = "https://github.com/astral-sh/python-build-standalone/releases/download/20260814/cpython-3.14.7+20260814-x86_64-unknown-linux-gnu-install_only_stripped.tar.gz"
provenance = "github-attestations"

[tools.python."platforms.linux-x64-musl"]
checksum = "sha256:d92793e7c75f88e0ebfe3f6dc9a80b1571e287537938c536b07c60f9c23d6360"
url = "https://github.com/astral-sh/python-build-standalone/releases/download/20260814/cpython-3.14.7+20260814-x86_64-unknown-linux-musl-install_only_stripped.tar.gz"
provenance = "github-attestations"

[tools.python."platforms.macos-arm64"]
checksum = "blake3:2658330816d6c6b6f99a4b92c24c14a1fef09caa072952e799815d01e60e2911"
url = "https://github.com/astral-sh/python-build-standalone/releases/download/20260814/cpython-3.14.7+20260814-aarch64-apple-darwin-install_only_stripped.tar.gz"
provenance = "github-attestations"

[tools.python."platforms.macos-x64"]
checksum = "sha256:e085b44e21d9c60acd866680747e1f82800cf9a1630a369da1723976d87bead1"
url = "https://github.com/astral-sh/python-build-standalone/releases/download/20260814/cpython-3.14.7+20260814-x86_64-apple-darwin-install_only_stripped.tar.gz"
provenance = "github-attestations"

[tools.python."platforms.windows-x64"]
checksum = "sha256:649e1eebf754a5ca76ddfda8c498ff25c574599408b8a52b6a2c24265fd6314c"
url = "https://github.com/astral-sh/python-build-standalone/releases/download/20260814/cpython-3.14.7+20260814-x86_64-pc-windows-msvc-install_only_stripped.tar.gz"
provenance = "github-attestations"

[[tools.ruby]]
version = "4.0.6"
backend = "core:ruby"

[tools.ruby."platforms.windows-x64"]
checksum = "sha256:328d7a86bea2f4c432783025050c9ffa1c36fcfc54ebccc466b63450ec3af223"
url = "https://github.com/oneclick/rubyinstaller2/releases/download/RubyInstaller-4.0.6-1/rubyinstaller-4.0.6-1-x64.7z"

[[tools.ruby]]
version = "4.0.6"
backend = "core:ruby"

[tools.ruby.options]
compile = "false"
precompiled_url = "jdx/ruby"
ruby_build_repo = "https://github.com/rbenv/ruby-build.git"
ruby_install = "false"

[tools.ruby."platforms.linux-arm64"]
checksum = "sha256:6144c26cd5a1ff85358beb7e68e592ada6d0319aa8093cf353465d60f10aa970"
url = "https://github.com/jdx/ruby/releases/download/4.0.6-1/ruby-4.0.6.arm64_linux.tar.gz"
provenance = "github-attestations"

[tools.ruby."platforms.linux-arm64-musl"]
checksum = "sha256:6144c26cd5a1ff85358beb7e68e592ada6d0319aa8093cf353465d60f10aa970"
url = "https://github.com/jdx/ruby/releases/download/4.0.6-1/ruby-4.0.6.arm64_linux.tar.gz"
provenance = "github-attestations"

[tools.ruby."platforms.linux-x64"]
checksum = "sha256:aefa111873bac3b15c5c416bfaaca84e793d5312d4496d651ad79c44521b200a"
url = "https://github.com/jdx/ruby/releases/download/4.0.6-1/ruby-4.0.6.x86_64_linux.tar.gz"
provenance = "github-attestations"

[tools.ruby."platforms.linux-x64-musl"]
checksum = "sha256:aefa111873bac3b15c5c416bfaaca84e793d5312d4496d651ad79c44521b200a"
url = "https://github.com/jdx/ruby/releases/download/4.0.6-1/ruby-4.0.6.x86_64_linux.tar.gz"
provenance = "github-attestations"

[tools.ruby."platforms.macos-arm64"]
checksum = "sha256:518c5849d7ab337790943963ded4f0b402d2d4ededea265288a5a19d4c8fee18"
url = "https://github.com/jdx/ruby/releases/download/4.0.6-1/ruby-4.0.6.macos.tar.gz"
provenance = "github-attestations"

[tools.ruby."platforms.macos-x64"]
checksum = "sha256:837d299e8f7ddf2be31a229a7a7e019d354979825117989acb3b32b1a9be262a"
url = "https://cache.ruby-lang.org/pub/ruby/4.0/ruby-4.0.6.tar.gz"

[[tools.rust]]
version = "1.97.1"
backend = "core:rust"

[[tools.uv]]
version = "0.12.5"
backend = "aqua:astral-sh/uv"

[tools.uv."platforms.linux-arm64"]
checksum = "sha256:9bf43b4d1a07665bf64d4c4e710930b382321a785e0eb10aac07f46471f86a31"
url = "https://github.com/astral-sh/uv/releases/download/0.12.5/uv-aarch64-unknown-linux-gnu.tar.gz"
url_api = "https://api.github.com/repos/astral-sh/uv/releases/assets/514850990"
provenance = "github-attestations"

[tools.uv."platforms.linux-arm64-musl"]
checksum = "sha256:8767a0e77f2cd45436401b1b42bf7e9ed5a4a91a74a5305d6fe93249d0f6dbc5"
url = "https://github.com/astral-sh/uv/releases/download/0.12.5/uv-aarch64-unknown-linux-musl.tar.gz"
url_api = "https://api.github.com/repos/astral-sh/uv/releases/assets/514850993"
provenance = "github-attestations"

[tools.uv."platforms.linux-x64"]
checksum = "sha256:68a509da24b06b4223a1c0175fb5eb5bc79342b76cbeff0cfe51ac3f5b17b6b2"
url = "https://github.com/astral-sh/uv/releases/download/0.12.5/uv-x86_64-unknown-linux-gnu.tar.gz"
url_api = "https://api.github.com/repos/astral-sh/uv/releases/assets/514851093"
provenance = "github-attestations"

[tools.uv."platforms.linux-x64-musl"]
checksum = "sha256:a4742988791c9aeae68c78150d6cba762062ad2a47e53738c2779d2b596bfcdb"
url = "https://github.com/astral-sh/uv/releases/download/0.12.5/uv-x86_64-unknown-linux-musl.tar.gz"
url_api = "https://api.github.com/repos/astral-sh/uv/releases/assets/514851105"
provenance = "github-attestations"

[tools.uv."platforms.macos-arm64"]
checksum = "sha256:5bb0e5fe008a773c3dbcb97ff79cd89e1241464fe9d2f986d52ad8f1b037bd62"
url = "https://github.com/astral-sh/uv/releases/download/0.12.5/uv-aarch64-apple-darwin.tar.gz"
url_api = "https://api.github.com/repos/astral-sh/uv/releases/assets/514850968"
provenance = "github-attestations"

[tools.uv."platforms.macos-x64"]
checksum = "sha256:b3b2137477cf96c9686ebfb71524614cec780c673fd73e59bce099aef02e70e8"
url = "https://github.com/astral-sh/uv/releases/download/0.12.5/uv-x86_64-apple-darwin.tar.gz"
url_api = "https://api.github.com/repos/astral-sh/uv/releases/assets/514851078"
provenance = "github-attestations"

[tools.uv."platforms.windows-x64"]
checksum = "sha256:4c4d49d8738847d9b71ba319e49a5688c93eac0fe6204b1df24e98528dddf39a"
url = "https://github.com/astral-sh/uv/releases/download/0.12.5/uv-x86_64-pc-windows-msvc.zip"
url_api = "https://api.github.com/repos/astral-sh/uv/releases/assets/514851084"
provenance = "github-attestations"
