# @generated - this file is auto-generated by `mise lock` https://mise.en.dev/dev-tools/mise-lock.html

[[tools."cargo:shellharden"]]
version = "4.3.1"
backend = "cargo:shellharden"

[[tools."cargo:stylua"]]
version = "2.4.1"
backend = "cargo:stylua"

[[tools."gem:ruby-lsp"]]
version = "0.26.9"
backend = "gem:ruby-lsp"

[[tools."github:LuaLS/lua-language-server"]]
version = "3.18.2"
backend = "github:LuaLS/lua-language-server"

[tools."github:LuaLS/lua-language-server"."platforms.linux-arm64"]
checksum = "sha256:273af33f26f4a1143f27c96d9f9e1188aba619c71e0807042134f66b4bd27f24"
url = "https://github.com/LuaLS/lua-language-server/releases/download/3.18.2/lua-language-server-3.18.2-linux-arm64.tar.gz"
url_api = "https://api.github.com/repos/LuaLS/lua-language-server/releases/assets/396268278"

[tools."github:LuaLS/lua-language-server"."platforms.linux-arm64-musl"]
checksum = "sha256:273af33f26f4a1143f27c96d9f9e1188aba619c71e0807042134f66b4bd27f24"
url = "https://github.com/LuaLS/lua-language-server/releases/download/3.18.2/lua-language-server-3.18.2-linux-arm64.tar.gz"
url_api = "https://api.github.com/repos/LuaLS/lua-language-server/releases/assets/396268278"

[tools."github:LuaLS/lua-language-server"."platforms.linux-x64"]
checksum = "sha256:ca71415dd19f19e30aaa35a4915aefca9fdb5fec31b98331cc3d77f778d539c5"
url = "https://github.com/LuaLS/lua-language-server/releases/download/3.18.2/lua-language-server-3.18.2-linux-x64.tar.gz"
url_api = "https://api.github.com/repos/LuaLS/lua-language-server/releases/assets/396268957"

[tools."github:LuaLS/lua-language-server"."platforms.linux-x64-musl"]
checksum = "sha256:ca71415dd19f19e30aaa35a4915aefca9fdb5fec31b98331cc3d77f778d539c5"
url = "https://github.com/LuaLS/lua-language-server/releases/download/3.18.2/lua-language-server-3.18.2-linux-x64.tar.gz"
url_api = "https://api.github.com/repos/LuaLS/lua-language-server/releases/assets/396268957"

[tools."github:LuaLS/lua-language-server"."platforms.macos-arm64"]
checksum = "sha256:cec99d70b1f612acec4a10a79a03664e3aa0c229d4d8a586cb3f928ec37d509e"
url = "https://github.com/LuaLS/lua-language-server/releases/download/3.18.2/lua-language-server-3.18.2-darwin-arm64.tar.gz"
url_api = "https://api.github.com/repos/LuaLS/lua-language-server/releases/assets/396268945"

[tools."github:LuaLS/lua-language-server"."platforms.macos-x64"]
checksum = "sha256:e26cfefe423dd7326fc7c649539e4d4aaa4f35f34d2fefd8af2ed7090b72c556"
url = "https://github.com/LuaLS/lua-language-server/releases/download/3.18.2/lua-language-server-3.18.2-darwin-x64.tar.gz"
url_api = "https://api.github.com/repos/LuaLS/lua-language-server/releases/assets/396267609"

[tools."github:LuaLS/lua-language-server"."platforms.windows-x64"]
checksum = "sha256:a4439a8f5e8e9e6505c11f045a7bf45db602124a1e246371c1dbe34924f3cf71"
url = "https://github.com/LuaLS/lua-language-server/releases/download/3.18.2/lua-language-server-3.18.2-win32-x64.zip"
url_api = "https://api.github.com/repos/LuaLS/lua-language-server/releases/assets/396269455"

[[tools."github:checkmake/checkmake"]]
version = "0.3.2"
backend = "github:checkmake/checkmake"

[tools."github:checkmake/checkmake"."platforms.linux-arm64"]
checksum = "sha256:409167c4abb99407bd232c3bbd351b8a39df57997feafde5a08bddffb0f2dcb4"
url = "https://github.com/checkmake/checkmake/releases/download/v0.3.2/checkmake-v0.3.2.linux.arm64"
url_api = "https://api.github.com/repos/checkmake/checkmake/releases/assets/338779065"

[tools."github:checkmake/checkmake"."platforms.linux-arm64-musl"]
checksum = "sha256:409167c4abb99407bd232c3bbd351b8a39df57997feafde5a08bddffb0f2dcb4"
url = "https://github.com/checkmake/checkmake/releases/download/v0.3.2/checkmake-v0.3.2.linux.arm64"
url_api = "https://api.github.com/repos/checkmake/checkmake/releases/assets/338779065"

[tools."github:checkmake/checkmake"."platforms.linux-x64"]
checksum = "sha256:e2effb876913f3ee2caef0ba35f6202c5e8a3cd55a077d8d2b9ce2034257b6af"
url = "https://github.com/checkmake/checkmake/releases/download/v0.3.2/checkmake-v0.3.2.linux.amd64"
url_api = "https://api.github.com/repos/checkmake/checkmake/releases/assets/338779060"

[tools."github:checkmake/checkmake"."platforms.linux-x64-musl"]
checksum = "sha256:e2effb876913f3ee2caef0ba35f6202c5e8a3cd55a077d8d2b9ce2034257b6af"
url = "https://github.com/checkmake/checkmake/releases/download/v0.3.2/checkmake-v0.3.2.linux.amd64"
url_api = "https://api.github.com/repos/checkmake/checkmake/releases/assets/338779060"

[tools."github:checkmake/checkmake"."platforms.macos-arm64"]
checksum = "sha256:d5dab7169d1cb246b380ed5e7fc1e6aded301d453db258f858e774422d25961f"
url = "https://github.com/checkmake/checkmake/releases/download/v0.3.2/checkmake-v0.3.2.darwin.arm64"
url_api = "https://api.github.com/repos/checkmake/checkmake/releases/assets/338779063"

[tools."github:checkmake/checkmake"."platforms.macos-x64"]
checksum = "sha256:82942043a4766b9fb3ffe6c77584df7d6c832bfa00571f234d257799f492fdd7"
url = "https://github.com/checkmake/checkmake/releases/download/v0.3.2/checkmake-v0.3.2.darwin.amd64"
url_api = "https://api.github.com/repos/checkmake/checkmake/releases/assets/338779062"

[tools."github:checkmake/checkmake"."platforms.windows-x64"]
checksum = "sha256:6adf4bde2dbfe8001ecf2918abfe02f7a57191568f1d185537eccd9c59625dca"
url = "https://github.com/checkmake/checkmake/releases/download/v0.3.2/checkmake-v0.3.2.windows.amd64.exe"
url_api = "https://api.github.com/repos/checkmake/checkmake/releases/assets/338779103"

[[tools."github:composer/composer"]]
version = "2.9.7"
backend = "github:composer/composer"

[tools."github:composer/composer".options]
asset_pattern = "composer.phar"

[tools."github:composer/composer"."platforms.linux-arm64"]
checksum = "sha256:d3c6801ea6e5dd291d0f149295a4d0f1539a74d5231958fe8fdaa889a497e6cf"
url = "https://github.com/composer/composer/releases/download/2.9.7/composer.phar"
url_api = "https://api.github.com/repos/composer/composer/releases/assets/396127709"
provenance = "github-attestations"

[tools."github:composer/composer"."platforms.linux-arm64-musl"]
checksum = "sha256:d3c6801ea6e5dd291d0f149295a4d0f1539a74d5231958fe8fdaa889a497e6cf"
url = "https://github.com/composer/composer/releases/download/2.9.7/composer.phar"
url_api = "https://api.github.com/repos/composer/composer/releases/assets/396127709"
provenance = "github-attestations"

[tools."github:composer/composer"."platforms.linux-x64"]
checksum = "sha256:d3c6801ea6e5dd291d0f149295a4d0f1539a74d5231958fe8fdaa889a497e6cf"
url = "https://github.com/composer/composer/releases/download/2.9.7/composer.phar"
url_api = "https://api.github.com/repos/composer/composer/releases/assets/396127709"
provenance = "github-attestations"

[tools."github:composer/composer"."platforms.linux-x64-musl"]
checksum = "sha256:d3c6801ea6e5dd291d0f149295a4d0f1539a74d5231958fe8fdaa889a497e6cf"
url = "https://github.com/composer/composer/releases/download/2.9.7/composer.phar"
url_api = "https://api.github.com/repos/composer/composer/releases/assets/396127709"
provenance = "github-attestations"

[tools."github:composer/composer"."platforms.macos-arm64"]
checksum = "sha256:d3c6801ea6e5dd291d0f149295a4d0f1539a74d5231958fe8fdaa889a497e6cf"
url = "https://github.com/composer/composer/releases/download/2.9.7/composer.phar"
url_api = "https://api.github.com/repos/composer/composer/releases/assets/396127709"
provenance = "github-attestations"

[tools."github:composer/composer"."platforms.macos-x64"]
checksum = "sha256:d3c6801ea6e5dd291d0f149295a4d0f1539a74d5231958fe8fdaa889a497e6cf"
url = "https://github.com/composer/composer/releases/download/2.9.7/composer.phar"
url_api = "https://api.github.com/repos/composer/composer/releases/assets/396127709"
provenance = "github-attestations"

[tools."github:composer/composer"."platforms.windows-x64"]
checksum = "sha256:d3c6801ea6e5dd291d0f149295a4d0f1539a74d5231958fe8fdaa889a497e6cf"
url = "https://github.com/composer/composer/releases/download/2.9.7/composer.phar"
url_api = "https://api.github.com/repos/composer/composer/releases/assets/396127709"
provenance = "github-attestations"

[[tools."github:hadolint/hadolint"]]
version = "2.14.0"
backend = "github:hadolint/hadolint"

[tools."github:hadolint/hadolint"."platforms.linux-arm64"]
checksum = "sha256:331f1d3511b84a4f1e3d18d52fec284723e4019552f4f47b19322a53ce9a40ed"
url = "https://github.com/hadolint/hadolint/releases/download/v2.14.0/hadolint-linux-arm64"
url_api = "https://api.github.com/repos/hadolint/hadolint/releases/assets/295944081"

[tools."github:hadolint/hadolint"."platforms.linux-arm64-musl"]
checksum = "sha256:331f1d3511b84a4f1e3d18d52fec284723e4019552f4f47b19322a53ce9a40ed"
url = "https://github.com/hadolint/hadolint/releases/download/v2.14.0/hadolint-linux-arm64"
url_api = "https://api.github.com/repos/hadolint/hadolint/releases/assets/295944081"

[tools."github:hadolint/hadolint"."platforms.linux-x64"]
checksum = "sha256:6bf226944684f56c84dd014e8b979d27425c0148f61b3bd99bcc6f39e9dc5a47"
url = "https://github.com/hadolint/hadolint/releases/download/v2.14.0/hadolint-linux-x86_64"
url_api = "https://api.github.com/repos/hadolint/hadolint/releases/assets/295944080"

[tools."github:hadolint/hadolint"."platforms.linux-x64-musl"]
checksum = "sha256:6bf226944684f56c84dd014e8b979d27425c0148f61b3bd99bcc6f39e9dc5a47"
url = "https://github.com/hadolint/hadolint/releases/download/v2.14.0/hadolint-linux-x86_64"
url_api = "https://api.github.com/repos/hadolint/hadolint/releases/assets/295944080"

[tools."github:hadolint/hadolint"."platforms.macos-arm64"]
checksum = "sha256:3625e2e9f43dcfe7bd38738a5f5520ed50ce39ed28485266e6803dd7bc197b10"
url = "https://github.com/hadolint/hadolint/releases/download/v2.14.0/hadolint-macos-arm64"
url_api = "https://api.github.com/repos/hadolint/hadolint/releases/assets/295944077"

[tools."github:hadolint/hadolint"."platforms.macos-x64"]
checksum = "sha256:2b69a853433f1eca522ffb921cd490bd1321424d03331fd8390f93b7fb4a02e9"
url = "https://github.com/hadolint/hadolint/releases/download/v2.14.0/hadolint-macos-x86_64"
url_api = "https://api.github.com/repos/hadolint/hadolint/releases/assets/295944082"

[tools."github:hadolint/hadolint"."platforms.windows-x64"]
checksum = "sha256:8e0ee174f88edb14f207a68430c7a53c2883ed509cdbde9a3a26fffa140fa5e4"
url = "https://github.com/hadolint/hadolint/releases/download/v2.14.0/hadolint-windows-x86_64.exe"
url_api = "https://api.github.com/repos/hadolint/hadolint/releases/assets/295944079"

[[tools."github:php/pie"]]
version = "1.4.2"
backend = "github:php/pie"

[tools."github:php/pie".options]
asset_pattern = "pie.phar"

[tools."github:php/pie"."platforms.linux-arm64"]
checksum = "sha256:2333b79a39c31b66b832e938b4a73a5682dace5d98d3745053debbe05d39439f"
url = "https://github.com/php/pie/releases/download/1.4.2/pie.phar"
url_api = "https://api.github.com/repos/php/pie/releases/assets/404191867"
provenance = "github-attestations"

[tools."github:php/pie"."platforms.linux-arm64-musl"]
checksum = "sha256:2333b79a39c31b66b832e938b4a73a5682dace5d98d3745053debbe05d39439f"
url = "https://github.com/php/pie/releases/download/1.4.2/pie.phar"
url_api = "https://api.github.com/repos/php/pie/releases/assets/404191867"
provenance = "github-attestations"

[tools."github:php/pie"."platforms.linux-x64"]
checksum = "sha256:2333b79a39c31b66b832e938b4a73a5682dace5d98d3745053debbe05d39439f"
url = "https://github.com/php/pie/releases/download/1.4.2/pie.phar"
url_api = "https://api.github.com/repos/php/pie/releases/assets/404191867"
provenance = "github-attestations"

[tools."github:php/pie"."platforms.linux-x64-musl"]
checksum = "sha256:2333b79a39c31b66b832e938b4a73a5682dace5d98d3745053debbe05d39439f"
url = "https://github.com/php/pie/releases/download/1.4.2/pie.phar"
url_api = "https://api.github.com/repos/php/pie/releases/assets/404191867"
provenance = "github-attestations"

[tools."github:php/pie"."platforms.macos-arm64"]
checksum = "sha256:2333b79a39c31b66b832e938b4a73a5682dace5d98d3745053debbe05d39439f"
url = "https://github.com/php/pie/releases/download/1.4.2/pie.phar"
url_api = "https://api.github.com/repos/php/pie/releases/assets/404191867"
provenance = "github-attestations"

[tools."github:php/pie"."platforms.macos-x64"]
checksum = "sha256:2333b79a39c31b66b832e938b4a73a5682dace5d98d3745053debbe05d39439f"
url = "https://github.com/php/pie/releases/download/1.4.2/pie.phar"
url_api = "https://api.github.com/repos/php/pie/releases/assets/404191867"
provenance = "github-attestations"

[tools."github:php/pie"."platforms.windows-x64"]
checksum = "sha256:2333b79a39c31b66b832e938b4a73a5682dace5d98d3745053debbe05d39439f"
url = "https://github.com/php/pie/releases/download/1.4.2/pie.phar"
url_api = "https://api.github.com/repos/php/pie/releases/assets/404191867"
provenance = "github-attestations"

[[tools."github:phpstan/phpstan"]]
version = "2.1.54"
backend = "github:phpstan/phpstan"

[tools."github:phpstan/phpstan".options]
asset_pattern = "phpstan.phar"

[tools."github:phpstan/phpstan"."platforms.linux-arm64"]
checksum = "sha256:b03ce93d4e0224c543090f2dc5258caaae35b62958aa80616456b8a5ae1541d4"
url = "https://github.com/phpstan/phpstan/releases/download/2.1.54/phpstan.phar"
url_api = "https://api.github.com/repos/phpstan/phpstan/releases/assets/408236717"

[tools."github:phpstan/phpstan"."platforms.linux-arm64-musl"]
checksum = "sha256:b03ce93d4e0224c543090f2dc5258caaae35b62958aa80616456b8a5ae1541d4"
url = "https://github.com/phpstan/phpstan/releases/download/2.1.54/phpstan.phar"
url_api = "https://api.github.com/repos/phpstan/phpstan/releases/assets/408236717"

[tools."github:phpstan/phpstan"."platforms.linux-x64"]
checksum = "sha256:b03ce93d4e0224c543090f2dc5258caaae35b62958aa80616456b8a5ae1541d4"
url = "https://github.com/phpstan/phpstan/releases/download/2.1.54/phpstan.phar"
url_api = "https://api.github.com/repos/phpstan/phpstan/releases/assets/408236717"

[tools."github:phpstan/phpstan"."platforms.linux-x64-musl"]
checksum = "sha256:b03ce93d4e0224c543090f2dc5258caaae35b62958aa80616456b8a5ae1541d4"
url = "https://github.com/phpstan/phpstan/releases/download/2.1.54/phpstan.phar"
url_api = "https://api.github.com/repos/phpstan/phpstan/releases/assets/408236717"

[tools."github:phpstan/phpstan"."platforms.macos-arm64"]
checksum = "sha256:b03ce93d4e0224c543090f2dc5258caaae35b62958aa80616456b8a5ae1541d4"
url = "https://github.com/phpstan/phpstan/releases/download/2.1.54/phpstan.phar"
url_api = "https://api.github.com/repos/phpstan/phpstan/releases/assets/408236717"

[tools."github:phpstan/phpstan"."platforms.macos-x64"]
checksum = "sha256:b03ce93d4e0224c543090f2dc5258caaae35b62958aa80616456b8a5ae1541d4"
url = "https://github.com/phpstan/phpstan/releases/download/2.1.54/phpstan.phar"
url_api = "https://api.github.com/repos/phpstan/phpstan/releases/assets/408236717"

[tools."github:phpstan/phpstan"."platforms.windows-x64"]
checksum = "sha256:b03ce93d4e0224c543090f2dc5258caaae35b62958aa80616456b8a5ae1541d4"
url = "https://github.com/phpstan/phpstan/releases/download/2.1.54/phpstan.phar"
url_api = "https://api.github.com/repos/phpstan/phpstan/releases/assets/408236717"

[[tools."github:squizlabs/PHP_CodeSniffer"]]
version = "3.7.2"
backend = "github:squizlabs/PHP_CodeSniffer"

[tools."github:squizlabs/PHP_CodeSniffer".options]
asset_pattern = "phpcs.phar"

[tools."github:squizlabs/PHP_CodeSniffer"."platforms.linux-arm64"]
url = "https://github.com/squizlabs/PHP_CodeSniffer/releases/download/3.7.2/phpcs.phar"
url_api = "https://api.github.com/repos/squizlabs/PHP_CodeSniffer/releases/assets/96724817"

[tools."github:squizlabs/PHP_CodeSniffer"."platforms.linux-arm64-musl"]
url = "https://github.com/squizlabs/PHP_CodeSniffer/releases/download/3.7.2/phpcs.phar"
url_api = "https://api.github.com/repos/squizlabs/PHP_CodeSniffer/releases/assets/96724817"

[tools."github:squizlabs/PHP_CodeSniffer"."platforms.linux-x64"]
url = "https://github.com/squizlabs/PHP_CodeSniffer/releases/download/3.7.2/phpcs.phar"
url_api = "https://api.github.com/repos/squizlabs/PHP_CodeSniffer/releases/assets/96724817"

[tools."github:squizlabs/PHP_CodeSniffer"."platforms.linux-x64-musl"]
url = "https://github.com/squizlabs/PHP_CodeSniffer/releases/download/3.7.2/phpcs.phar"
url_api = "https://api.github.com/repos/squizlabs/PHP_CodeSniffer/releases/assets/96724817"

[tools."github:squizlabs/PHP_CodeSniffer"."platforms.macos-arm64"]
url = "https://github.com/squizlabs/PHP_CodeSniffer/releases/download/3.7.2/phpcs.phar"
url_api = "https://api.github.com/repos/squizlabs/PHP_CodeSniffer/releases/assets/96724817"

[tools."github:squizlabs/PHP_CodeSniffer"."platforms.macos-x64"]
url = "https://github.com/squizlabs/PHP_CodeSniffer/releases/download/3.7.2/phpcs.phar"
url_api = "https://api.github.com/repos/squizlabs/PHP_CodeSniffer/releases/assets/96724817"

[tools."github:squizlabs/PHP_CodeSniffer"."platforms.windows-x64"]
url = "https://github.com/squizlabs/PHP_CodeSniffer/releases/download/3.7.2/phpcs.phar"
url_api = "https://api.github.com/repos/squizlabs/PHP_CodeSniffer/releases/assets/96724817"

[[tools.go]]
version = "1.26.3"
backend = "core:go"

[tools.go."platforms.linux-arm64"]
checksum = "sha256:9d89a3ea57d141c2b22d70083f2c8459ba3890f2d9e818e7e933b75614936565"
url = "https://dl.google.com/go/go1.26.3.linux-arm64.tar.gz"

[tools.go."platforms.linux-arm64-musl"]
checksum = "sha256:9d89a3ea57d141c2b22d70083f2c8459ba3890f2d9e818e7e933b75614936565"
url = "https://dl.google.com/go/go1.26.3.linux-arm64.tar.gz"

[tools.go."platforms.linux-x64"]
checksum = "sha256:2b2cfc7148493da5e73981bffbf3353af381d5f93e789c82c79aff64962eb556"
url = "https://dl.google.com/go/go1.26.3.linux-amd64.tar.gz"

[tools.go."platforms.linux-x64-musl"]
checksum = "sha256:2b2cfc7148493da5e73981bffbf3353af381d5f93e789c82c79aff64962eb556"
url = "https://dl.google.com/go/go1.26.3.linux-amd64.tar.gz"

[tools.go."platforms.macos-arm64"]
checksum = "sha256:875cf54a15311eee2c99b9dd67c68c4a49351d489ab622bf2cfd28c8f2078d3c"
url = "https://dl.google.com/go/go1.26.3.darwin-arm64.tar.gz"

[tools.go."platforms.macos-x64"]
checksum = "sha256:278d580b32e299fe4a9c990fcf2d02acfe538c7e551a6ee18f9c7164573d2c63"
url = "https://dl.google.com/go/go1.26.3.darwin-amd64.tar.gz"

[tools.go."platforms.windows-x64"]
checksum = "sha256:20d2ceafb4ed41b96b879010927b28bc92a5be57a7c1801ce365a9ca51d3224a"
url = "https://dl.google.com/go/go1.26.3.windows-amd64.zip"

[[tools."go:github.com/docker/docker-language-server/cmd/docker-language-server"]]
version = "0.20.1"
backend = "go:github.com/docker/docker-language-server/cmd/docker-language-server"

[[tools."go:github.com/rhysd/actionlint/cmd/actionlint"]]
version = "1.7.12"
backend = "go:github.com/rhysd/actionlint/cmd/actionlint"

[[tools."http:terraform-ls"]]
version = "0.38.3"
backend = "http:terraform-ls"

[[tools.lua]]
version = "5.4.8"
backend = "asdf:lua"

[[tools.node]]
version = "26.1.0"
backend = "core:node"

[tools.node."platforms.linux-arm64"]
checksum = "sha256:fcb4c339eef70c909cae72091008a6497278e2d0fcd221c0653068cf4ea4f0c7"
url = "https://nodejs.org/dist/v26.1.0/node-v26.1.0-linux-arm64.tar.gz"

[tools.node."platforms.linux-arm64-musl"]
checksum = "sha256:7ced1d983bbb9245c97dbc7de329663da49bd88aca6f7baaed9baf2f6fac7d33"
url = "https://unofficial-builds.nodejs.org/download/release/v26.1.0/node-v26.1.0-linux-arm64-musl.tar.gz"

[tools.node."platforms.linux-x64"]
checksum = "sha256:62d555c329e05e3625109f2e3a8b5195b368d5ef38266292469d32f63cd98ffd"
url = "https://nodejs.org/dist/v26.1.0/node-v26.1.0-linux-x64.tar.gz"

[tools.node."platforms.linux-x64-musl"]
checksum = "sha256:e302e820cea1007dfe68f5faaa23c8ed5a7099ad48cf068d6debf3d4958faaef"
url = "https://unofficial-builds.nodejs.org/download/release/v26.1.0/node-v26.1.0-linux-x64-musl.tar.gz"

[tools.node."platforms.macos-arm64"]
checksum = "sha256:91063f665c2f5d6e69e4f8fcb66d3d476bc2785ace82267274bf4da789985ceb"
url = "https://nodejs.org/dist/v26.1.0/node-v26.1.0-darwin-arm64.tar.gz"

[tools.node."platforms.macos-x64"]
checksum = "sha256:33519b28a352de668ab0a2a64366db032a45cb629d5353f86e4576e2780f4fcf"
url = "https://nodejs.org/dist/v26.1.0/node-v26.1.0-darwin-x64.tar.gz"

[tools.node."platforms.windows-x64"]
checksum = "sha256:089a02c4c687451c9f0b7f1bfd252dae85a7ba27df0295a14096bdcc956fdc92"
url = "https://nodejs.org/dist/v26.1.0/node-v26.1.0-win-x64.zip"

[[tools."npm:@actions/languageserver"]]
version = "0.3.56"
backend = "npm:@actions/languageserver"

[[tools."npm:@ansible/ansible-language-server"]]
version = "26.4.6"
backend = "npm:@ansible/ansible-language-server"

[[tools."npm:@github/copilot-language-server"]]
version = "1.485.0"
backend = "npm:@github/copilot-language-server"

[[tools."npm:@playwright/cli"]]
version = "0.1.13"
backend = "npm:@playwright/cli"

[[tools."npm:@quobix/vacuum"]]
version = "0.26.4"
backend = "npm:@quobix/vacuum"

[[tools."npm:aws-cdk"]]
version = "3.0.0"
backend = "npm:aws-cdk"

[[tools."npm:bash-language-server"]]
version = "5.6.0"
backend = "npm:bash-language-server"

[[tools."npm:difit"]]
version = "4.0.6"
backend = "npm:difit"

[[tools."npm:intelephense"]]
version = "1.18.2"
backend = "npm:intelephense"

[[tools."npm:markdownlint-cli2"]]
version = "0.22.1"
backend = "npm:markdownlint-cli2"

[[tools."npm:npm-check-updates"]]
version = "22.1.1"
backend = "npm:npm-check-updates"

[[tools."npm:tombi"]]
version = "0.11.1"
backend = "npm:tombi"

[[tools."npm:typescript-language-server"]]
version = "5.1.3"
backend = "npm:typescript-language-server"

[[tools."npm:vscode-langservers-extracted"]]
version = "4.10.0"
backend = "npm:vscode-langservers-extracted"

[[tools."npm:yaml-language-server"]]
version = "1.24.1-48d6f57.0"
backend = "npm:yaml-language-server"

[[tools.perl]]
version = "5.42.2.0"
backend = "aqua:skaji/relocatable-perl"

[tools.perl."platforms.linux-arm64"]
checksum = "sha256:ba0d2d24ad34d7c467e298af901caef93fd313c2385d8af61058a0fef811bac1"
url = "https://github.com/skaji/relocatable-perl/releases/download/5.42.2.0/perl-linux-arm64.tar.gz"

[tools.perl."platforms.linux-arm64-musl"]
checksum = "sha256:ba0d2d24ad34d7c467e298af901caef93fd313c2385d8af61058a0fef811bac1"
url = "https://github.com/skaji/relocatable-perl/releases/download/5.42.2.0/perl-linux-arm64.tar.gz"

[tools.perl."platforms.linux-x64"]
checksum = "sha256:18d9dc642abbf94bfb9871ae4dbddd8477984557c627a9ffcf83c834935f681f"
url = "https://github.com/skaji/relocatable-perl/releases/download/5.42.2.0/perl-linux-amd64.tar.gz"

[tools.perl."platforms.linux-x64-musl"]
checksum = "sha256:18d9dc642abbf94bfb9871ae4dbddd8477984557c627a9ffcf83c834935f681f"
url = "https://github.com/skaji/relocatable-perl/releases/download/5.42.2.0/perl-linux-amd64.tar.gz"

[tools.perl."platforms.macos-arm64"]
checksum = "sha256:a8f0a254336e6be8c86285cad75731deef265e98256e61a820aa2151eaf7405a"
url = "https://github.com/skaji/relocatable-perl/releases/download/5.42.2.0/perl-darwin-arm64.tar.gz"

[tools.perl."platforms.macos-x64"]
checksum = "sha256:3049a3304e78064a27c3a22054fb08f4c07eba97151a8c92fe9dc56e9cbca317"
url = "https://github.com/skaji/relocatable-perl/releases/download/5.42.2.0/perl-darwin-amd64.tar.gz"

[[tools.php]]
version = "8.5.6"
backend = "asdf:php"

[[tools."pipx:ansible-lint"]]
version = "26.4.0"
backend = "pipx:ansible-lint"

[[tools."pipx:isort"]]
version = "8.0.1"
backend = "pipx:isort"

[[tools."pipx:markitdown"]]
version = "0.1.5"
backend = "pipx:markitdown"

[tools."pipx:markitdown".options]
extras = "all"

[[tools."pipx:mypy"]]
version = "2.0.0"
backend = "pipx:mypy"

[[tools."pipx:nginx-language-server"]]
version = "0.9.0"
backend = "pipx:nginx-language-server"

[[tools."pipx:python-lsp-server"]]
version = "1.14.0"
backend = "pipx:python-lsp-server"

[[tools."pipx:yamllint"]]
version = "1.38.0"
backend = "pipx:yamllint"

[[tools.pnpm]]
version = "11.0.9"
backend = "aqua:pnpm/pnpm"

[tools.pnpm."platforms.linux-arm64"]
checksum = "sha256:eeb0ccc8652aa21f87ebf656724f1f3a0553e898c35699b0040698252262823e"
url = "https://github.com/pnpm/pnpm/releases/download/v11.0.9/pnpm-linux-arm64.tar.gz"

[tools.pnpm."platforms.linux-arm64-musl"]
checksum = "sha256:c9dd4f1a2049590a820e429370231b9bf7170fcedf88de8f081caefb00d8b947"
url = "https://github.com/pnpm/pnpm/releases/download/v11.0.9/pnpm-linux-arm64-musl.tar.gz"

[tools.pnpm."platforms.linux-x64"]
checksum = "sha256:ec84b7750ed24a47e55b71fba528499862bddaf8d9770b2f58a294b8692a8cbf"
url = "https://github.com/pnpm/pnpm/releases/download/v11.0.9/pnpm-linux-x64.tar.gz"

[tools.pnpm."platforms.linux-x64-musl"]
checksum = "sha256:964f716be77cab7cbd796a72bc2ec60703bccdfc8ac524fb3b5cbe7a105799b0"
url = "https://github.com/pnpm/pnpm/releases/download/v11.0.9/pnpm-linux-x64-musl.tar.gz"

[tools.pnpm."platforms.macos-arm64"]
checksum = "sha256:b7264bfdcbcee37d8fb302256fae799dd067f4e8996d7202fcb4a5a3ee2665f7"
url = "https://github.com/pnpm/pnpm/releases/download/v11.0.9/pnpm-darwin-arm64.tar.gz"

[tools.pnpm."platforms.windows-x64"]
checksum = "sha256:608c56dc746444f133ca901a5a0a32be779d28dcbcf4e7d7bf48372b005b907a"
url = "https://github.com/pnpm/pnpm/releases/download/v11.0.9/pnpm-win32-x64.zip"

[[tools.python]]
version = "3.14.5"
backend = "core:python"

[tools.python."platforms.linux-arm64"]
checksum = "sha256:bea1aa66159eaf97ade1225e40b7060d709154da961aa37792bb8066d8f6af49"
url = "https://github.com/astral-sh/python-build-standalone/releases/download/20260510/cpython-3.14.5+20260510-aarch64-unknown-linux-gnu-install_only_stripped.tar.gz"
provenance = "github-attestations"

[tools.python."platforms.linux-arm64-musl"]
checksum = "sha256:011e29568c2a6ed64938fba0793ca6225c99bc4d804143a26875b5f9ee3fc7fa"
url = "https://github.com/astral-sh/python-build-standalone/releases/download/20260510/cpython-3.14.5+20260510-aarch64-unknown-linux-musl-install_only_stripped.tar.gz"
provenance = "github-attestations"

[tools.python."platforms.linux-x64"]
checksum = "sha256:dc10977b0db3bef1ee2275107fde6fe9c148135b556fa352e83c6baa67d17ed6"
url = "https://github.com/astral-sh/python-build-standalone/releases/download/20260510/cpython-3.14.5+20260510-x86_64-unknown-linux-gnu-install_only_stripped.tar.gz"
provenance = "github-attestations"

[tools.python."platforms.linux-x64-musl"]
checksum = "sha256:6bc02ce4575e5d5379f4533f3d3f77acfdfd5ccd9c4edf790fcdd84578a1df01"
url = "https://github.com/astral-sh/python-build-standalone/releases/download/20260510/cpython-3.14.5+20260510-x86_64-unknown-linux-musl-install_only_stripped.tar.gz"
provenance = "github-attestations"

[tools.python."platforms.macos-arm64"]
checksum = "blake3:8e7fb40cb57142654daad85c704e742080f2de52394006cf91db55572498ed37"
url = "https://github.com/astral-sh/python-build-standalone/releases/download/20260510/cpython-3.14.5+20260510-aarch64-apple-darwin-install_only_stripped.tar.gz"
provenance = "github-attestations"

[tools.python."platforms.macos-x64"]
checksum = "sha256:38662e526797db4e90b3381706b96821979fece0b536ac14b5c4e1a97e0590d5"
url = "https://github.com/astral-sh/python-build-standalone/releases/download/20260510/cpython-3.14.5+20260510-x86_64-apple-darwin-install_only_stripped.tar.gz"
provenance = "github-attestations"

[tools.python."platforms.windows-x64"]
checksum = "sha256:4d26ade49e9571ccb3bd1a88cfc72c52b11a9a9f6e204a57f38592aed137566a"
url = "https://github.com/astral-sh/python-build-standalone/releases/download/20260510/cpython-3.14.5+20260510-x86_64-pc-windows-msvc-install_only_stripped.tar.gz"
provenance = "github-attestations"

[[tools.ruby]]
version = "4.0.3"
backend = "core:ruby"

[tools.ruby."platforms.linux-arm64"]
checksum = "sha256:c91d89d625d63bb3b715a85100fcfab136493989a955fc49a872ec62634a172d"
url = "https://github.com/jdx/ruby/releases/download/4.0.3-1/ruby-4.0.3.arm64_linux.tar.gz"
provenance = "github-attestations"

[tools.ruby."platforms.linux-arm64-musl"]
checksum = "sha256:c91d89d625d63bb3b715a85100fcfab136493989a955fc49a872ec62634a172d"
url = "https://github.com/jdx/ruby/releases/download/4.0.3-1/ruby-4.0.3.arm64_linux.tar.gz"
provenance = "github-attestations"

[tools.ruby."platforms.linux-x64"]
checksum = "sha256:becd14e477a1b32a37a86be6fd8b0980f276d8c365b122c0ff4c644beb8991f8"
url = "https://github.com/jdx/ruby/releases/download/4.0.3-1/ruby-4.0.3.x86_64_linux.tar.gz"
provenance = "github-attestations"

[tools.ruby."platforms.linux-x64-musl"]
checksum = "sha256:becd14e477a1b32a37a86be6fd8b0980f276d8c365b122c0ff4c644beb8991f8"
url = "https://github.com/jdx/ruby/releases/download/4.0.3-1/ruby-4.0.3.x86_64_linux.tar.gz"
provenance = "github-attestations"

[tools.ruby."platforms.macos-arm64"]
checksum = "sha256:aafcce49654b91b78e5bc6c0cb1d6973b3ded260aeba21948ba1db5fe3038489"
url = "https://github.com/jdx/ruby/releases/download/4.0.3-1/ruby-4.0.3.macos.tar.gz"
provenance = "github-attestations"

[tools.ruby."platforms.macos-x64"]
checksum = "sha256:77964acc370d5c8375b9502e5ba6c13c03ef91ab9eb9f521c84fb42b9c9a6b0f"
url = "https://cache.ruby-lang.org/pub/ruby/4.0/ruby-4.0.3.tar.gz"

[tools.ruby."platforms.windows-x64"]
checksum = "sha256:a4094317397511e09242be1c95b32c8700fe91ebca713fb4e190de595eea5699"
url = "https://github.com/oneclick/rubyinstaller2/releases/download/RubyInstaller-4.0.3-1/rubyinstaller-4.0.3-1-x64.7z"

[[tools.rust]]
version = "1.95.0"
backend = "core:rust"

[[tools.uv]]
version = "0.11.12"
backend = "aqua:astral-sh/uv"

[tools.uv."platforms.linux-arm64"]
checksum = "sha256:b70e87f15f12d750d218042c4ed36e41de0757eab249d332ee2e242e4174b5d5"
url = "https://github.com/astral-sh/uv/releases/download/0.11.12/uv-aarch64-unknown-linux-musl.tar.gz"
provenance = "github-attestations"

[tools.uv."platforms.linux-arm64-musl"]
checksum = "sha256:b70e87f15f12d750d218042c4ed36e41de0757eab249d332ee2e242e4174b5d5"
url = "https://github.com/astral-sh/uv/releases/download/0.11.12/uv-aarch64-unknown-linux-musl.tar.gz"
provenance = "github-attestations"

[tools.uv."platforms.linux-x64"]
checksum = "sha256:591a7557f5ba7e51565f338dd4c50cebc12820ec2ebb8403a4304685f8d53ab9"
url = "https://github.com/astral-sh/uv/releases/download/0.11.12/uv-x86_64-unknown-linux-musl.tar.gz"
provenance = "github-attestations"

[tools.uv."platforms.linux-x64-musl"]
checksum = "sha256:591a7557f5ba7e51565f338dd4c50cebc12820ec2ebb8403a4304685f8d53ab9"
url = "https://github.com/astral-sh/uv/releases/download/0.11.12/uv-x86_64-unknown-linux-musl.tar.gz"
provenance = "github-attestations"

[tools.uv."platforms.macos-arm64"]
checksum = "sha256:bb7c6ef869ec00cd1452f4884acf23d00b153c356ba9197ae99a1bc1ceadb7f3"
url = "https://github.com/astral-sh/uv/releases/download/0.11.12/uv-aarch64-apple-darwin.tar.gz"
provenance = "github-attestations"

[tools.uv."platforms.macos-x64"]
checksum = "sha256:32fb217e6181384bf6534b31adcc66cd552eff98643c4bb35832be8552486912"
url = "https://github.com/astral-sh/uv/releases/download/0.11.12/uv-x86_64-apple-darwin.tar.gz"
provenance = "github-attestations"

[tools.uv."platforms.windows-x64"]
checksum = "sha256:e46956a6b088a0382101c797eef945c1b03826e629e968d434cf838d42d85b6b"
url = "https://github.com/astral-sh/uv/releases/download/0.11.12/uv-x86_64-pc-windows-msvc.zip"
provenance = "github-attestations"
