lockfile_version: '1'
generated_at: '2026-07-09T17:13:36.765214+00:00'
apm_version: 0.23.1
dependencies:
- repo_url: cross-ts/.config
  name: .config
  host: github.com
  resolved_commit: becd164bf3422d6a993f61694efad5eea7178e75
  version: becd164
  package_type: marketplace_plugin
  content_hash: sha256:6b1442ee3bd455ff2a15f0bd2a2f7edc37d4db298ec381cf8e63d8cdf0b11ffa
